
Microsoft Visual Studio Solution File, Format Version 12.00
# Visual Studio Version 17
VisualStudioVersion = 17.6.33723.286
MinimumVisualStudioVersion = 10.0.40219.1
Project("{FAE04EC0-301F-11D3-BF4B-00C04F79EFBC}") = "Task_13", "Task_13\Task_13.csproj", "{E6038BA5-92DD-42FD-8C66-97AC3D70DAD5}"
EndProject
Global
	GlobalSection(SolutionConfigurationPlatforms) = preSolution
		Debug|Any CPU = Debug|Any CPU
		Release|Any CPU = Release|Any CPU
	EndGlobalSection
	GlobalSection(ProjectConfigurationPlatforms) = postSolution
		{E6038BA5-92DD-42FD-8C66-97AC3D70DAD5}.Debug|Any CPU.ActiveCfg = Debug|Any CPU
		{E6038BA5-92DD-42FD-8C66-97AC3D70DAD5}.Debug|Any CPU.Build.0 = Debug|Any CPU
		{E6038BA5-92DD-42FD-8C66-97AC3D70DAD5}.Release|Any CPU.ActiveCfg = Release|Any CPU
		{E6038BA5-92DD-42FD-8C66-97AC3D70DAD5}.Release|Any CPU.Build.0 = Release|Any CPU
	EndGlobalSection
	GlobalSection(SolutionProperties) = preSolution
		HideSolutionNode = FALSE
	EndGlobalSection
	GlobalSection(ExtensibilityGlobals) = postSolution
		SolutionGuid = {C281F6B3-3711-4CBF-8C69-F4EBB13DE77B}
	EndGlobalSection
EndGlobal
